
Microsoft Visual Studio Solution File, Format Version 12.00
# Visual Studio Version 16
VisualStudioVersion = 16.0.30204.135
MinimumVisualStudioVersion = 10.0.40219.1
Project("{FAE04EC0-301F-11D3-BF4B-00C04F79EFBC}") = "Lab 4_6ArrayToDoListWithTasks", "Lab 4_6ArrayToDoListWithTasks.csproj", "{467723A7-2A29-462C-9360-FBA07C6345E5}"
EndProject
Global
	GlobalSection(SolutionConfigurationPlatforms) = preSolution
		Debug|Any CPU = Debug|Any CPU
		Release|Any CPU = Release|Any CPU
	EndGlobalSection
	GlobalSection(ProjectConfigurationPlatforms) = postSolution
		{467723A7-2A29-462C-9360-FBA07C6345E5}.Debug|Any CPU.ActiveCfg = Debug|Any CPU
		{467723A7-2A29-462C-9360-FBA07C6345E5}.Debug|Any CPU.Build.0 = Debug|Any CPU
		{467723A7-2A29-462C-9360-FBA07C6345E5}.Release|Any CPU.ActiveCfg = Release|Any CPU
		{467723A7-2A29-462C-9360-FBA07C6345E5}.Release|Any CPU.Build.0 = Release|Any CPU
	EndGlobalSection
	GlobalSection(SolutionProperties) = preSolution
		HideSolutionNode = FALSE
	EndGlobalSection
	GlobalSection(ExtensibilityGlobals) = postSolution
		SolutionGuid = {AD356F06-0C75-4679-88DC-98BB707CC17F}
	EndGlobalSection
EndGlobal
